// !$*UTF8*$!
{
	archiveVersion = 1;
	classes = {
	};
	objectVersion = 50;
	objects = {

/* Begin PBXBuildFile section */
		B6596DE62285142B00A944F7 /* OCLinkedList.m in Sources */ = {isa = PBXBuildFile; fileRef = B6596DE52285142B00A944F7 /* OCLinkedList.m */; };
		B6E91D0621FB1AC7007CA9F5 /* main.m in Sources */ = {isa = PBXBuildFile; fileRef = B6E91D0521FB1AC7007CA9F5 /* main.m */; };
		B6E91D1021FB1AE0007CA9F5 /* LeetCodeOC.m in Sources */ = {isa = PBXBuildFile; fileRef = B6E91D0D21FB1AE0007CA9F5 /* LeetCodeOC.m */; };
		B6E91D1121FB1AE0007CA9F5 /* ReverseList.c in Sources */ = {isa = PBXBuildFile; fileRef = B6E91D0E21FB1AE0007CA9F5 /* ReverseList.c */; };
/* End PBXBuildFile section */

/* Begin PBXCopyFilesBuildPhase section */
		B6E91D0021FB1AC7007CA9F5 /* CopyFiles */ = {
			isa = PBXCopyFilesBuildPhase;
			buildActionMask = 2147483647;
			dstPath = /usr/share/man/man1/;
			dstSubfolderSpec = 0;
			files = (
			);
			runOnlyForDeploymentPostprocessing = 1;
		};
/* End PBXCopyFilesBuildPhase section */

/* Begin PBXFileReference section */
		B6596DE42285142B00A944F7 /* OCLinkedList.h */ = {isa = PBXFileReference; lastKnownFileType = sourcecode.c.h; path = OCLinkedList.h; sourceTree = "<group>"; };
		B6596DE52285142B00A944F7 /* OCLinkedList.m */ = {isa = PBXFileReference; lastKnownFileType = sourcecode.c.objc; path = OCLinkedList.m; sourceTree = "<group>"; };
		B6E91D0221FB1AC7007CA9F5 /* Algorithm-Training */ = {isa = PBXFileReference; explicitFileType = "compiled.mach-o.executable"; includeInIndex = 0; path = "Algorithm-Training"; sourceTree = BUILT_PRODUCTS_DIR; };
		B6E91D0521FB1AC7007CA9F5 /* main.m */ = {isa = PBXFileReference; lastKnownFileType = sourcecode.c.objc; path = main.m; sourceTree = "<group>"; };
		B6E91D0C21FB1AE0007CA9F5 /* LeetCodeOC.h */ = {isa = PBXFileReference; fileEncoding = 4; lastKnownFileType = sourcecode.c.h; path = LeetCodeOC.h; sourceTree = "<group>"; };
		B6E91D0D21FB1AE0007CA9F5 /* LeetCodeOC.m */ = {isa = PBXFileReference; fileEncoding = 4; lastKnownFileType = sourcecode.c.objc; path = LeetCodeOC.m; sourceTree = "<group>"; };
		B6E91D0E21FB1AE0007CA9F5 /* ReverseList.c */ = {isa = PBXFileReference; fileEncoding = 4; lastKnownFileType = sourcecode.c.c; path = ReverseList.c; sourceTree = "<group>"; };
		B6E91D0F21FB1AE0007CA9F5 /* ReverseList.h */ = {isa = PBXFileReference; fileEncoding = 4; lastKnownFileType = sourcecode.c.h; path = ReverseList.h; sourceTree = "<group>"; };
/* End PBXFileReference section */

/* Begin PBXFrameworksBuildPhase section */
		B6E91CFF21FB1AC7007CA9F5 /* Frameworks */ = {
			isa = PBXFrameworksBuildPhase;
			buildActionMask = 2147483647;
			files = (
			);
			runOnlyForDeploymentPostprocessing = 0;
		};
/* End PBXFrameworksBuildPhase section */

/* Begin PBXGroup section */
		B6E91CF921FB1AC7007CA9F5 = {
			isa = PBXGroup;
			children = (
				B6E91D0421FB1AC7007CA9F5 /* Algorithm-Training */,
				B6E91D0321FB1AC7007CA9F5 /* Products */,
			);
			sourceTree = "<group>";
		};
		B6E91D0321FB1AC7007CA9F5 /* Products */ = {
			isa = PBXGroup;
			children = (
				B6E91D0221FB1AC7007CA9F5 /* Algorithm-Training */,
			);
			name = Products;
			sourceTree = "<group>";
		};
		B6E91D0421FB1AC7007CA9F5 /* Algorithm-Training */ = {
			isa = PBXGroup;
			children = (
				B6E91D0521FB1AC7007CA9F5 /* main.m */,
				B6E91D0C21FB1AE0007CA9F5 /* LeetCodeOC.h */,
				B6E91D0D21FB1AE0007CA9F5 /* LeetCodeOC.m */,
				B6596DE42285142B00A944F7 /* OCLinkedList.h */,
				B6596DE52285142B00A944F7 /* OCLinkedList.m */,
				B6E91D0F21FB1AE0007CA9F5 /* ReverseList.h */,
				B6E91D0E21FB1AE0007CA9F5 /* ReverseList.c */,
			);
			path = "Algorithm-Training";
			sourceTree = "<group>";
		};
/* End PBXGroup section */

/* Begin PBXNativeTarget section */
		B6E91D0121FB1AC7007CA9F5 /* Algorithm-Training */ = {
			isa = PBXNativeTarget;
			buildConfigurationList = B6E91D0921FB1AC7007CA9F5 /* Build configuration list for PBXNativeTarget "Algorithm-Training" */;
			buildPhases = (
				B6E91CFE21FB1AC7007CA9F5 /* Sources */,
				B6E91CFF21FB1AC7007CA9F5 /* Frameworks */,
				B6E91D0021FB1AC7007CA9F5 /* CopyFiles */,
			);
			buildRules = (
			);
			dependencies = (
			);
			name = "Algorithm-Training";
			productName = "Algorithm-Training";
			productReference = B6E91D0221FB1AC7007CA9F5 /* Algorithm-Training */;
			productType = "com.apple.product-type.tool";
		};
/* End PBXNativeTarget section */

/* Begin PBXProject section */
		B6E91CFA21FB1AC7007CA9F5 /* Project object */ = {
			isa = PBXProject;
			attributes = {
				LastUpgradeCheck = 1010;
				ORGANIZATIONNAME = liyang;
				TargetAttributes = {
					B6E91D0121FB1AC7007CA9F5 = {
						CreatedOnToolsVersion = 10.1;
					};
				};
			};
			buildConfigurationList = B6E91CFD21FB1AC7007CA9F5 /* Build configuration list for PBXProject "Algorithm-Training" */;
			compatibilityVersion = "Xcode 9.3";
			developmentRegion = en;
			hasScannedForEncodings = 0;
			knownRegions = (
				en,
			);
			mainGroup = B6E91CF921FB1AC7007CA9F5;
			productRefGroup = B6E91D0321FB1AC7007CA9F5 /* Products */;
			projectDirPath = "";
			projectRoot = "";
			targets = (
				B6E91D0121FB1AC7007CA9F5 /* Algorithm-Training */,
			);
		};
/* End PBXProject section */

/* Begin PBXSourcesBuildPhase section */
		B6E91CFE21FB1AC7007CA9F5 /* Sources */ = {
			isa = PBXSourcesBuildPhase;
			buildActionMask = 2147483647;
			files = (
				B6E91D1021FB1AE0007CA9F5 /* LeetCodeOC.m in Sources */,
				B6E91D0621FB1AC7007CA9F5 /* main.m in Sources */,
				B6596DE62285142B00A944F7 /* OCLinkedList.m in Sources */,
				B6E91D1121FB1AE0007CA9F5 /* ReverseList.c in Sources */,
			);
			runOnlyForDeploymentPostprocessing = 0;
		};
/* End PBXSourcesBuildPhase section */

/* Begin XCBuildConfiguration section */
		B6E91D0721FB1AC7007CA9F5 /* Debug */ = {
			isa = XCBuildConfiguration;
			buildSettings = {
				ALWAYS_SEARCH_USER_PATHS = NO;
				CLANG_ANALYZER_NONNULL = YES;
				CLANG_ANALYZER_NUMBER_OBJECT_CONVERSION = YES_AGGRESSIVE;
				CLANG_CXX_LANGUAGE_STANDARD = "gnu++14";
				CLANG_CXX_LIBRARY = "libc++";
				CLANG_ENABLE_MODULES = YES;
				CLANG_ENABLE_OBJC_ARC = YES;
				CLANG_ENABLE_OBJC_WEAK = YES;
				CLANG_WARN_BLOCK_CAPTURE_AUTORELEASING = YES;
				CLANG_WARN_BOOL_CONVERSION = YES;
				CLANG_WARN_COMMA = YES;
				CLANG_WARN_CONSTANT_CONVERSION = YES;
				CLANG_WARN_DEPRECATED_OBJC_IMPLEMENTATIONS = YES;
				CLANG_WARN_DIRECT_OBJC_ISA_USAGE = YES_ERROR;
				CLANG_WARN_DOCUMENTATION_COMMENTS = YES;
				CLANG_WARN_EMPTY_BODY = YES;
				CLANG_WARN_ENUM_CONVERSION = YES;
				CLANG_WARN_INFINITE_RECURSION = YES;
				CLANG_WARN_INT_CONVERSION = YES;
				CLANG_WARN_NON_LITERAL_NULL_CONVERSION = YES;
				CLANG_WARN_OBJC_IMPLICIT_RETAIN_SELF = YES;
				CLANG_WARN_OBJC_LITERAL_CONVERSION = YES;
				CLANG_WARN_OBJC_ROOT_CLASS = YES_ERROR;
				CLANG_WARN_RANGE_LOOP_ANALYSIS = YES;
				CLANG_WARN_STRICT_PROTOTYPES = YES;
				CLANG_WARN_SUSPICIOUS_MOVE = YES;
				CLANG_WARN_UNGUARDED_AVAILABILITY = YES_AGGRESSIVE;
				CLANG_WARN_UNREACHABLE_CODE = YES;
				CLANG_WARN__DUPLICATE_METHOD_MATCH = YES;
				CODE_SIGN_IDENTITY = "-";
				COPY_PHASE_STRIP = NO;
				DEBUG_INFORMATION_FORMAT = dwarf;
				ENABLE_STRICT_OBJC_MSGSEND = YES;
				ENABLE_TESTABILITY = YES;
				GCC_C_LANGUAGE_STANDARD = gnu11;
				GCC_DYNAMIC_NO_PIC = NO;
				GCC_NO_COMMON_BLOCKS = YES;
				GCC_OPTIMIZATION_LEVEL = 0;
				GCC_PREPROCESSOR_DEFINITIONS = (
					"DEBUG=1",
					"$(inherited)",
				);
				GCC_WARN_64_TO_32_BIT_CONVERSION = YES;
				GCC_WARN_ABOUT_RETURN_TYPE = YES_ERROR;
				GCC_WARN_UNDECLARED_SELECTOR = YES;
				GCC_WARN_UNINITIALIZED_AUTOS = YES_AGGRESSIVE;
				GCC_WARN_UNUSED_FUNCTION = YES;
				GCC_WARN_UNUSED_VARIABLE = YES;
				MACOSX_DEPLOYMENT_TARGET = 10.14;
				MTL_ENABLE_DEBUG_INFO = INCLUDE_SOURCE;
				MTL_FAST_MATH = YES;
				ONLY_ACTIVE_ARCH = YES;
				SDKROOT = macosx;
			};
			name = Debug;
		};
		B6E91D0821FB1AC7007CA9F5 /* Release */ = {
			isa = XCBuildConfiguration;
			buildSettings = {
				ALWAYS_SEARCH_USER_PATHS = NO;
				CLANG_ANALYZER_NONNULL = YES;
				CLANG_ANALYZER_NUMBER_OBJECT_CONVERSION = YES_AGGRESSIVE;
				CLANG_CXX_LANGUAGE_STANDARD = "gnu++14";
				CLANG_CXX_LIBRARY = "libc++";
				CLANG_ENABLE_MODULES = YES;
				CLANG_ENABLE_OBJC_ARC = YES;
				CLANG_ENABLE_OBJC_WEAK = YES;
				CLANG_WARN_BLOCK_CAPTURE_AUTORELEASING = YES;
				CLANG_WARN_BOOL_CONVERSION = YES;
				CLANG_WARN_COMMA = YES;
				CLANG_WARN_CONSTANT_CONVERSION = YES;
				CLANG_WARN_DEPRECATED_OBJC_IMPLEMENTATIONS = YES;
				CLANG_WARN_DIRECT_OBJC_ISA_USAGE = YES_ERROR;
				CLANG_WARN_DOCUMENTATION_COMMENTS = YES;
				CLANG_WARN_EMPTY_BODY = YES;
				CLANG_WARN_ENUM_CONVERSION = YES;
				CLANG_WARN_INFINITE_RECURSION = YES;
				CLANG_WARN_INT_CONVERSION = YES;
				CLANG_WARN_NON_LITERAL_NULL_CONVERSION = YES;
				CLANG_WARN_OBJC_IMPLICIT_RETAIN_SELF = YES;
				CLANG_WARN_OBJC_LITERAL_CONVERSION = YES;
				CLANG_WARN_OBJC_ROOT_CLASS = YES_ERROR;
				CLANG_WARN_RANGE_LOOP_ANALYSIS = YES;
				CLANG_WARN_STRICT_PROTOTYPES = YES;
				CLANG_WARN_SUSPICIOUS_MOVE = YES;
				CLANG_WARN_UNGUARDED_AVAILABILITY = YES_AGGRESSIVE;
				CLANG_WARN_UNREACHABLE_CODE = YES;
				CLANG_WARN__DUPLICATE_METHOD_MATCH = YES;
				CODE_SIGN_IDENTITY = "-";
				COPY_PHASE_STRIP = NO;
				DEBUG_INFORMATION_FORMAT = "dwarf-with-dsym";
				ENABLE_NS_ASSERTIONS = NO;
				ENABLE_STRICT_OBJC_MSGSEND = YES;
				GCC_C_LANGUAGE_STANDARD = gnu11;
				GCC_NO_COMMON_BLOCKS = YES;
				GCC_WARN_64_TO_32_BIT_CONVERSION = YES;
				GCC_WARN_ABOUT_RETURN_TYPE = YES_ERROR;
				GCC_WARN_UNDECLARED_SELECTOR = YES;
				GCC_WARN_UNINITIALIZED_AUTOS = YES_AGGRESSIVE;
				GCC_WARN_UNUSED_FUNCTION = YES;
				GCC_WARN_UNUSED_VARIABLE = YES;
				MACOSX_DEPLOYMENT_TARGET = 10.14;
				MTL_ENABLE_DEBUG_INFO = NO;
				MTL_FAST_MATH = YES;
				SDKROOT = macosx;
			};
			name = Release;
		};
		B6E91D0A21FB1AC7007CA9F5 /* Debug */ = {
			isa = XCBuildConfiguration;
			buildSettings = {
				CODE_SIGN_STYLE = Automatic;
				PRODUCT_NAME = "$(TARGET_NAME)";
			};
			name = Debug;
		};
		B6E91D0B21FB1AC7007CA9F5 /* Release */ = {
			isa = XCBuildConfiguration;
			buildSettings = {
				CODE_SIGN_STYLE = Automatic;
				PRODUCT_NAME = "$(TARGET_NAME)";
			};
			name = Release;
		};
/* End XCBuildConfiguration section */

/* Begin XCConfigurationList section */
		B6E91CFD21FB1AC7007CA9F5 /* Build configuration list for PBXProject "Algorithm-Training" */ = {
			isa = XCConfigurationList;
			buildConfigurations = (
				B6E91D0721FB1AC7007CA9F5 /* Debug */,
				B6E91D0821FB1AC7007CA9F5 /* Release */,
			);
			defaultConfigurationIsVisible = 0;
			defaultConfigurationName = Release;
		};
		B6E91D0921FB1AC7007CA9F5 /* Build configuration list for PBXNativeTarget "Algorithm-Training" */ = {
			isa = XCConfigurationList;
			buildConfigurations = (
				B6E91D0A21FB1AC7007CA9F5 /* Debug */,
				B6E91D0B21FB1AC7007CA9F5 /* Release */,
			);
			defaultConfigurationIsVisible = 0;
			defaultConfigurationName = Release;
		};
/* End XCConfigurationList section */
	};
	rootObject = B6E91CFA21FB1AC7007CA9F5 /* Project object */;
}
